
Microsoft Visual Studio Solution File, Format Version 12.00
# Visual Studio 14
VisualStudioVersion = 14.0.25123.0
MinimumVisualStudioVersion = 10.0.40219.1
Project("{FAE04EC0-301F-11D3-BF4B-00C04F79EFBC}") = "InventoryManager.Droid", "InventoryManager\InventoryManager.Droid\InventoryManager.Droid.csproj", "{0554E236-EA22-44EF-BC02-46D2DBE8CD58}"
EndProject
Project("{FAE04EC0-301F-11D3-BF4B-00C04F79EFBC}") = "InventoryManager.iOS", "InventoryManager\InventoryManager.iOS\InventoryManager.iOS.csproj", "{4BBE1A5C-759A-4E3C-9FC7-93196B944CD2}"
EndProject
Project("{FAE04EC0-301F-11D3-BF4B-00C04F79EFBC}") = "InventoryManager.WinPhone", "InventoryManager\InventoryManager.WinPhone\InventoryManager.WinPhone.csproj", "{0CEEC74A-0F18-4175-A2F9-C05295F3E606}"
EndProject
Project("{FAE04EC0-301F-11D3-BF4B-00C04F79EFBC}") = "InventoryManager.UWP", "InventoryManager\InventoryManager.UWP\InventoryManager.UWP.csproj", "{0EBB7A84-FD90-41FF-BCBC-C12414E0AED9}"
EndProject
Project("{FAE04EC0-301F-11D3-BF4B-00C04F79EFBC}") = "InventoryManager.Windows", "InventoryManager\InventoryManager.Windows\InventoryManager.Windows.csproj", "{1B649774-2954-4F76-A06F-E1C11250FD58}"
EndProject
Project("{FAE04EC0-301F-11D3-BF4B-00C04F79EFBC}") = "InventoryManager", "InventoryManager\InventoryManager\InventoryManager.csproj", "{F5874F99-DACE-4A04-8FA5-57C88232D22E}"
EndProject
Global
	GlobalSection(SolutionConfigurationPlatforms) = preSolution
		Ad-Hoc|Any CPU = Ad-Hoc|Any CPU
		Ad-Hoc|ARM = Ad-Hoc|ARM
		Ad-Hoc|iPhone = Ad-Hoc|iPhone
		Ad-Hoc|iPhoneSimulator = Ad-Hoc|iPhoneSimulator
		Ad-Hoc|x64 = Ad-Hoc|x64
		Ad-Hoc|x86 = Ad-Hoc|x86
		AppStore|Any CPU = AppStore|Any CPU
		AppStore|ARM = AppStore|ARM
		AppStore|iPhone = AppStore|iPhone
		AppStore|iPhoneSimulator = AppStore|iPhoneSimulator
		AppStore|x64 = AppStore|x64
		AppStore|x86 = AppStore|x86
		Debug|Any CPU = Debug|Any CPU
		Debug|ARM = Debug|ARM
		Debug|iPhone = Debug|iPhone
		Debug|iPhoneSimulator = Debug|iPhoneSimulator
		Debug|x64 = Debug|x64
		Debug|x86 = Debug|x86
		Release|Any CPU = Release|Any CPU
		Release|ARM = Release|ARM
		Release|iPhone = Release|iPhone
		Release|iPhoneSimulator = Release|iPhoneSimulator
		Release|x64 = Release|x64
		Release|x86 = Release|x86
	EndGlobalSection
	GlobalSection(ProjectConfigurationPlatforms) = postSolution
		{0554E236-EA22-44EF-BC02-46D2DBE8CD58}.Ad-Hoc|Any CPU.ActiveCfg = Release|Any CPU
		{0554E236-EA22-44EF-BC02-46D2DBE8CD58}.Ad-Hoc|Any CPU.Build.0 = Release|Any CPU
		{0554E236-EA22-44EF-BC02-46D2DBE8CD58}.Ad-Hoc|Any CPU.Deploy.0 = Release|Any CPU
		{0554E236-EA22-44EF-BC02-46D2DBE8CD58}.Ad-Hoc|ARM.ActiveCfg = Release|Any CPU
		{0554E236-EA22-44EF-BC02-46D2DBE8CD58}.Ad-Hoc|ARM.Build.0 = Release|Any CPU
		{0554E236-EA22-44EF-BC02-46D2DBE8CD58}.Ad-Hoc|ARM.Deploy.0 = Release|Any CPU
		{0554E236-EA22-44EF-BC02-46D2DBE8CD58}.Ad-Hoc|iPhone.ActiveCfg = Release|Any CPU
		{0554E236-EA22-44EF-BC02-46D2DBE8CD58}.Ad-Hoc|iPhone.Build.0 = Release|Any CPU
		{0554E236-EA22-44EF-BC02-46D2DBE8CD58}.Ad-Hoc|iPhone.Deploy.0 = Release|Any CPU
		{0554E236-EA22-44EF-BC02-46D2DBE8CD58}.Ad-Hoc|iPhoneSimulator.ActiveCfg = Release|Any CPU
		{0554E236-EA22-44EF-BC02-46D2DBE8CD58}.Ad-Hoc|iPhoneSimulator.Build.0 = Release|Any CPU
		{0554E236-EA22-44EF-BC02-46D2DBE8CD58}.Ad-Hoc|iPhoneSimulator.Deploy.0 = Release|Any CPU
		{0554E236-EA22-44EF-BC02-46D2DBE8CD58}.Ad-Hoc|x64.ActiveCfg = Release|Any CPU
		{0554E236-EA22-44EF-BC02-46D2DBE8CD58}.Ad-Hoc|x64.Build.0 = Release|Any CPU
		{0554E236-EA22-44EF-BC02-46D2DBE8CD58}.Ad-Hoc|x64.Deploy.0 = Release|Any CPU
		{0554E236-EA22-44EF-BC02-46D2DBE8CD58}.Ad-Hoc|x86.ActiveCfg = Release|Any CPU
		{0554E236-EA22-44EF-BC02-46D2DBE8CD58}.Ad-Hoc|x86.Build.0 = Release|Any CPU
		{0554E236-EA22-44EF-BC02-46D2DBE8CD58}.Ad-Hoc|x86.Deploy.0 = Release|Any CPU
		{0554E236-EA22-44EF-BC02-46D2DBE8CD58}.AppStore|Any CPU.ActiveCfg = Release|Any CPU
		{0554E236-EA22-44EF-BC02-46D2DBE8CD58}.AppStore|Any CPU.Build.0 = Release|Any CPU
		{0554E236-EA22-44EF-BC02-46D2DBE8CD58}.AppStore|Any CPU.Deploy.0 = Release|Any CPU
		{0554E236-EA22-44EF-BC02-46D2DBE8CD58}.AppStore|ARM.ActiveCfg = Release|Any CPU
		{0554E236-EA22-44EF-BC02-46D2DBE8CD58}.AppStore|ARM.Build.0 = Release|Any CPU
		{0554E236-EA22-44EF-BC02-46D2DBE8CD58}.AppStore|ARM.Deploy.0 = Release|Any CPU
		{0554E236-EA22-44EF-BC02-46D2DBE8CD58}.AppStore|iPhone.ActiveCfg = Release|Any CPU
		{0554E236-EA22-44EF-BC02-46D2DBE8CD58}.AppStore|iPhone.Build.0 = Release|Any CPU
		{0554E236-EA22-44EF-BC02-46D2DBE8CD58}.AppStore|iPhone.Deploy.0 = Release|Any CPU
		{0554E236-EA22-44EF-BC02-46D2DBE8CD58}.AppStore|iPhoneSimulator.ActiveCfg = Release|Any CPU
		{0554E236-EA22-44EF-BC02-46D2DBE8CD58}.AppStore|iPhoneSimulator.Build.0 = Release|Any CPU
		{0554E236-EA22-44EF-BC02-46D2DBE8CD58}.AppStore|iPhoneSimulator.Deploy.0 = Release|Any CPU
		{0554E236-EA22-44EF-BC02-46D2DBE8CD58}.AppStore|x64.ActiveCfg = Release|Any CPU
		{0554E236-EA22-44EF-BC02-46D2DBE8CD58}.AppStore|x64.Build.0 = Release|Any CPU
		{0554E236-EA22-44EF-BC02-46D2DBE8CD58}.AppStore|x64.Deploy.0 = Release|Any CPU
		{0554E236-EA22-44EF-BC02-46D2DBE8CD58}.AppStore|x86.ActiveCfg = Release|Any CPU
		{0554E236-EA22-44EF-BC02-46D2DBE8CD58}.AppStore|x86.Build.0 = Release|Any CPU
		{0554E236-EA22-44EF-BC02-46D2DBE8CD58}.AppStore|x86.Deploy.0 = Release|Any CPU
		{0554E236-EA22-44EF-BC02-46D2DBE8CD58}.Debug|Any CPU.ActiveCfg = Debug|Any CPU
		{0554E236-EA22-44EF-BC02-46D2DBE8CD58}.Debug|Any CPU.Build.0 = Debug|Any CPU
		{0554E236-EA22-44EF-BC02-46D2DBE8CD58}.Debug|Any CPU.Deploy.0 = Debug|Any CPU
		{0554E236-EA22-44EF-BC02-46D2DBE8CD58}.Debug|ARM.ActiveCfg = Debug|Any CPU
		{0554E236-EA22-44EF-BC02-46D2DBE8CD58}.Debug|ARM.Build.0 = Debug|Any CPU
		{0554E236-EA22-44EF-BC02-46D2DBE8CD58}.Debug|ARM.Deploy.0 = Debug|Any CPU
		{0554E236-EA22-44EF-BC02-46D2DBE8CD58}.Debug|iPhone.ActiveCfg = Debug|Any CPU
		{0554E236-EA22-44EF-BC02-46D2DBE8CD58}.Debug|iPhone.Build.0 = Debug|Any CPU
		{0554E236-EA22-44EF-BC02-46D2DBE8CD58}.Debug|iPhone.Deploy.0 = Debug|Any CPU
		{0554E236-EA22-44EF-BC02-46D2DBE8CD58}.Debug|iPhoneSimulator.ActiveCfg = Debug|Any CPU
		{0554E236-EA22-44EF-BC02-46D2DBE8CD58}.Debug|iPhoneSimulator.Build.0 = Debug|Any CPU
		{0554E236-EA22-44EF-BC02-46D2DBE8CD58}.Debug|iPhoneSimulator.Deploy.0 = Debug|Any CPU
		{0554E236-EA22-44EF-BC02-46D2DBE8CD58}.Debug|x64.ActiveCfg = Debug|Any CPU
		{0554E236-EA22-44EF-BC02-46D2DBE8CD58}.Debug|x64.Build.0 = Debug|Any CPU
		{0554E236-EA22-44EF-BC02-46D2DBE8CD58}.Debug|x64.Deploy.0 = Debug|Any CPU
		{0554E236-EA22-44EF-BC02-46D2DBE8CD58}.Debug|x86.ActiveCfg = Debug|Any CPU
		{0554E236-EA22-44EF-BC02-46D2DBE8CD58}.Debug|x86.Build.0 = Debug|Any CPU
		{0554E236-EA22-44EF-BC02-46D2DBE8CD58}.Debug|x86.Deploy.0 = Debug|Any CPU
		{0554E236-EA22-44EF-BC02-46D2DBE8CD58}.Release|Any CPU.ActiveCfg = Release|Any CPU
		{0554E236-EA22-44EF-BC02-46D2DBE8CD58}.Release|Any CPU.Build.0 = Release|Any CPU
		{0554E236-EA22-44EF-BC02-46D2DBE8CD58}.Release|Any CPU.Deploy.0 = Release|Any CPU
		{0554E236-EA22-44EF-BC02-46D2DBE8CD58}.Release|ARM.ActiveCfg = Release|Any CPU
		{0554E236-EA22-44EF-BC02-46D2DBE8CD58}.Release|ARM.Build.0 = Release|Any CPU
		{0554E236-EA22-44EF-BC02-46D2DBE8CD58}.Release|ARM.Deploy.0 = Release|Any CPU
		{0554E236-EA22-44EF-BC02-46D2DBE8CD58}.Release|iPhone.ActiveCfg = Release|Any CPU
		{0554E236-EA22-44EF-BC02-46D2DBE8CD58}.Release|iPhone.Build.0 = Release|Any CPU
		{0554E236-EA22-44EF-BC02-46D2DBE8CD58}.Release|iPhone.Deploy.0 = Release|Any CPU
		{0554E236-EA22-44EF-BC02-46D2DBE8CD58}.Release|iPhoneSimulator.ActiveCfg = Release|Any CPU
		{0554E236-EA22-44EF-BC02-46D2DBE8CD58}.Release|iPhoneSimulator.Build.0 = Release|Any CPU
		{0554E236-EA22-44EF-BC02-46D2DBE8CD58}.Release|iPhoneSimulator.Deploy.0 = Release|Any CPU
		{0554E236-EA22-44EF-BC02-46D2DBE8CD58}.Release|x64.ActiveCfg = Release|Any CPU
		{0554E236-EA22-44EF-BC02-46D2DBE8CD58}.Release|x64.Build.0 = Release|Any CPU
		{0554E236-EA22-44EF-BC02-46D2DBE8CD58}.Release|x64.Deploy.0 = Release|Any CPU
		{0554E236-EA22-44EF-BC02-46D2DBE8CD58}.Release|x86.ActiveCfg = Release|Any CPU
		{0554E236-EA22-44EF-BC02-46D2DBE8CD58}.Release|x86.Build.0 = Release|Any CPU
		{0554E236-EA22-44EF-BC02-46D2DBE8CD58}.Release|x86.Deploy.0 = Release|Any CPU
		{4BBE1A5C-759A-4E3C-9FC7-93196B944CD2}.Ad-Hoc|Any CPU.ActiveCfg = Ad-Hoc|iPhone
		{4BBE1A5C-759A-4E3C-9FC7-93196B944CD2}.Ad-Hoc|ARM.ActiveCfg = Ad-Hoc|iPhone
		{4BBE1A5C-759A-4E3C-9FC7-93196B944CD2}.Ad-Hoc|iPhone.ActiveCfg = Ad-Hoc|iPhone
		{4BBE1A5C-759A-4E3C-9FC7-93196B944CD2}.Ad-Hoc|iPhone.Build.0 = Ad-Hoc|iPhone
		{4BBE1A5C-759A-4E3C-9FC7-93196B944CD2}.Ad-Hoc|iPhoneSimulator.ActiveCfg = Ad-Hoc|iPhoneSimulator
		{4BBE1A5C-759A-4E3C-9FC7-93196B944CD2}.Ad-Hoc|iPhoneSimulator.Build.0 = Ad-Hoc|iPhoneSimulator
		{4BBE1A5C-759A-4E3C-9FC7-93196B944CD2}.Ad-Hoc|x64.ActiveCfg = Ad-Hoc|iPhone
		{4BBE1A5C-759A-4E3C-9FC7-93196B944CD2}.Ad-Hoc|x86.ActiveCfg = Ad-Hoc|iPhone
		{4BBE1A5C-759A-4E3C-9FC7-93196B944CD2}.AppStore|Any CPU.ActiveCfg = AppStore|iPhone
		{4BBE1A5C-759A-4E3C-9FC7-93196B944CD2}.AppStore|ARM.ActiveCfg = AppStore|iPhone
		{4BBE1A5C-759A-4E3C-9FC7-93196B944CD2}.AppStore|iPhone.ActiveCfg = AppStore|iPhone
		{4BBE1A5C-759A-4E3C-9FC7-93196B944CD2}.AppStore|iPhone.Build.0 = AppStore|iPhone
		{4BBE1A5C-759A-4E3C-9FC7-93196B944CD2}.AppStore|iPhoneSimulator.ActiveCfg = AppStore|iPhoneSimulator
		{4BBE1A5C-759A-4E3C-9FC7-93196B944CD2}.AppStore|iPhoneSimulator.Build.0 = AppStore|iPhoneSimulator
		{4BBE1A5C-759A-4E3C-9FC7-93196B944CD2}.AppStore|x64.ActiveCfg = AppStore|iPhone
		{4BBE1A5C-759A-4E3C-9FC7-93196B944CD2}.AppStore|x86.ActiveCfg = AppStore|iPhone
		{4BBE1A5C-759A-4E3C-9FC7-93196B944CD2}.Debug|Any CPU.ActiveCfg = Debug|iPhone
		{4BBE1A5C-759A-4E3C-9FC7-93196B944CD2}.Debug|ARM.ActiveCfg = Debug|iPhone
		{4BBE1A5C-759A-4E3C-9FC7-93196B944CD2}.Debug|iPhone.ActiveCfg = Debug|iPhone
		{4BBE1A5C-759A-4E3C-9FC7-93196B944CD2}.Debug|iPhone.Build.0 = Debug|iPhone
		{4BBE1A5C-759A-4E3C-9FC7-93196B944CD2}.Debug|iPhoneSimulator.ActiveCfg = Debug|iPhoneSimulator
		{4BBE1A5C-759A-4E3C-9FC7-93196B944CD2}.Debug|iPhoneSimulator.Build.0 = Debug|iPhoneSimulator
		{4BBE1A5C-759A-4E3C-9FC7-93196B944CD2}.Debug|x64.ActiveCfg = Debug|iPhone
		{4BBE1A5C-759A-4E3C-9FC7-93196B944CD2}.Debug|x86.ActiveCfg = Debug|iPhone
		{4BBE1A5C-759A-4E3C-9FC7-93196B944CD2}.Release|Any CPU.ActiveCfg = Release|iPhone
		{4BBE1A5C-759A-4E3C-9FC7-93196B944CD2}.Release|ARM.ActiveCfg = Release|iPhone
		{4BBE1A5C-759A-4E3C-9FC7-93196B944CD2}.Release|iPhone.ActiveCfg = Release|iPhone
		{4BBE1A5C-759A-4E3C-9FC7-93196B944CD2}.Release|iPhone.Build.0 = Release|iPhone
		{4BBE1A5C-759A-4E3C-9FC7-93196B944CD2}.Release|iPhoneSimulator.ActiveCfg = Release|iPhoneSimulator
		{4BBE1A5C-759A-4E3C-9FC7-93196B944CD2}.Release|iPhoneSimulator.Build.0 = Release|iPhoneSimulator
		{4BBE1A5C-759A-4E3C-9FC7-93196B944CD2}.Release|x64.ActiveCfg = Release|iPhone
		{4BBE1A5C-759A-4E3C-9FC7-93196B944CD2}.Release|x86.ActiveCfg = Release|iPhone
		{0CEEC74A-0F18-4175-A2F9-C05295F3E606}.Ad-Hoc|Any CPU.ActiveCfg = Release|Any CPU
		{0CEEC74A-0F18-4175-A2F9-C05295F3E606}.Ad-Hoc|Any CPU.Build.0 = Release|Any CPU
		{0CEEC74A-0F18-4175-A2F9-C05295F3E606}.Ad-Hoc|Any CPU.Deploy.0 = Release|Any CPU
		{0CEEC74A-0F18-4175-A2F9-C05295F3E606}.Ad-Hoc|ARM.ActiveCfg = Release|ARM
		{0CEEC74A-0F18-4175-A2F9-C05295F3E606}.Ad-Hoc|ARM.Build.0 = Release|ARM
		{0CEEC74A-0F18-4175-A2F9-C05295F3E606}.Ad-Hoc|ARM.Deploy.0 = Release|ARM
		{0CEEC74A-0F18-4175-A2F9-C05295F3E606}.Ad-Hoc|iPhone.ActiveCfg = Release|Any CPU
		{0CEEC74A-0F18-4175-A2F9-C05295F3E606}.Ad-Hoc|iPhone.Build.0 = Release|Any CPU
		{0CEEC74A-0F18-4175-A2F9-C05295F3E606}.Ad-Hoc|iPhone.Deploy.0 = Release|Any CPU
		{0CEEC74A-0F18-4175-A2F9-C05295F3E606}.Ad-Hoc|iPhoneSimulator.ActiveCfg = Release|Any CPU
		{0CEEC74A-0F18-4175-A2F9-C05295F3E606}.Ad-Hoc|iPhoneSimulator.Build.0 = Release|Any CPU
		{0CEEC74A-0F18-4175-A2F9-C05295F3E606}.Ad-Hoc|iPhoneSimulator.Deploy.0 = Release|Any CPU
		{0CEEC74A-0F18-4175-A2F9-C05295F3E606}.Ad-Hoc|x64.ActiveCfg = Release|Any CPU
		{0CEEC74A-0F18-4175-A2F9-C05295F3E606}.Ad-Hoc|x64.Build.0 = Release|Any CPU
		{0CEEC74A-0F18-4175-A2F9-C05295F3E606}.Ad-Hoc|x64.Deploy.0 = Release|Any CPU
		{0CEEC74A-0F18-4175-A2F9-C05295F3E606}.Ad-Hoc|x86.ActiveCfg = Release|x86
		{0CEEC74A-0F18-4175-A2F9-C05295F3E606}.Ad-Hoc|x86.Build.0 = Release|x86
		{0CEEC74A-0F18-4175-A2F9-C05295F3E606}.Ad-Hoc|x86.Deploy.0 = Release|x86
		{0CEEC74A-0F18-4175-A2F9-C05295F3E606}.AppStore|Any CPU.ActiveCfg = Release|Any CPU
		{0CEEC74A-0F18-4175-A2F9-C05295F3E606}.AppStore|Any CPU.Build.0 = Release|Any CPU
		{0CEEC74A-0F18-4175-A2F9-C05295F3E606}.AppStore|Any CPU.Deploy.0 = Release|Any CPU
		{0CEEC74A-0F18-4175-A2F9-C05295F3E606}.AppStore|ARM.ActiveCfg = Release|ARM
		{0CEEC74A-0F18-4175-A2F9-C05295F3E606}.AppStore|ARM.Build.0 = Release|ARM
		{0CEEC74A-0F18-4175-A2F9-C05295F3E606}.AppStore|ARM.Deploy.0 = Release|ARM
		{0CEEC74A-0F18-4175-A2F9-C05295F3E606}.AppStore|iPhone.ActiveCfg = Release|Any CPU
		{0CEEC74A-0F18-4175-A2F9-C05295F3E606}.AppStore|iPhone.Build.0 = Release|Any CPU
		{0CEEC74A-0F18-4175-A2F9-C05295F3E606}.AppStore|iPhone.Deploy.0 = Release|Any CPU
		{0CEEC74A-0F18-4175-A2F9-C05295F3E606}.AppStore|iPhoneSimulator.ActiveCfg = Release|Any CPU
		{0CEEC74A-0F18-4175-A2F9-C05295F3E606}.AppStore|iPhoneSimulator.Build.0 = Release|Any CPU
		{0CEEC74A-0F18-4175-A2F9-C05295F3E606}.AppStore|iPhoneSimulator.Deploy.0 = Release|Any CPU
		{0CEEC74A-0F18-4175-A2F9-C05295F3E606}.AppStore|x64.ActiveCfg = Release|Any CPU
		{0CEEC74A-0F18-4175-A2F9-C05295F3E606}.AppStore|x64.Build.0 = Release|Any CPU
		{0CEEC74A-0F18-4175-A2F9-C05295F3E606}.AppStore|x64.Deploy.0 = Release|Any CPU
		{0CEEC74A-0F18-4175-A2F9-C05295F3E606}.AppStore|x86.ActiveCfg = Release|x86
		{0CEEC74A-0F18-4175-A2F9-C05295F3E606}.AppStore|x86.Build.0 = Release|x86
		{0CEEC74A-0F18-4175-A2F9-C05295F3E606}.AppStore|x86.Deploy.0 = Release|x86
		{0CEEC74A-0F18-4175-A2F9-C05295F3E606}.Debug|Any CPU.ActiveCfg = Debug|Any CPU
		{0CEEC74A-0F18-4175-A2F9-C05295F3E606}.Debug|Any CPU.Build.0 = Debug|Any CPU
		{0CEEC74A-0F18-4175-A2F9-C05295F3E606}.Debug|Any CPU.Deploy.0 = Debug|Any CPU
		{0CEEC74A-0F18-4175-A2F9-C05295F3E606}.Debug|ARM.ActiveCfg = Debug|ARM
		{0CEEC74A-0F18-4175-A2F9-C05295F3E606}.Debug|ARM.Build.0 = Debug|ARM
		{0CEEC74A-0F18-4175-A2F9-C05295F3E606}.Debug|ARM.Deploy.0 = Debug|ARM
		{0CEEC74A-0F18-4175-A2F9-C05295F3E606}.Debug|iPhone.ActiveCfg = Debug|Any CPU
		{0CEEC74A-0F18-4175-A2F9-C05295F3E606}.Debug|iPhone.Build.0 = Debug|Any CPU
		{0CEEC74A-0F18-4175-A2F9-C05295F3E606}.Debug|iPhone.Deploy.0 = Debug|Any CPU
		{0CEEC74A-0F18-4175-A2F9-C05295F3E606}.Debug|iPhoneSimulator.ActiveCfg = Debug|Any CPU
		{0CEEC74A-0F18-4175-A2F9-C05295F3E606}.Debug|iPhoneSimulator.Build.0 = Debug|Any CPU
		{0CEEC74A-0F18-4175-A2F9-C05295F3E606}.Debug|iPhoneSimulator.Deploy.0 = Debug|Any CPU
		{0CEEC74A-0F18-4175-A2F9-C05295F3E606}.Debug|x64.ActiveCfg = Debug|Any CPU
		{0CEEC74A-0F18-4175-A2F9-C05295F3E606}.Debug|x64.Build.0 = Debug|Any CPU
		{0CEEC74A-0F18-4175-A2F9-C05295F3E606}.Debug|x64.Deploy.0 = Debug|Any CPU
		{0CEEC74A-0F18-4175-A2F9-C05295F3E606}.Debug|x86.ActiveCfg = Debug|x86
		{0CEEC74A-0F18-4175-A2F9-C05295F3E606}.Debug|x86.Build.0 = Debug|x86
		{0CEEC74A-0F18-4175-A2F9-C05295F3E606}.Debug|x86.Deploy.0 = Debug|x86
		{0CEEC74A-0F18-4175-A2F9-C05295F3E606}.Release|Any CPU.ActiveCfg = Release|Any CPU
		{0CEEC74A-0F18-4175-A2F9-C05295F3E606}.Release|Any CPU.Build.0 = Release|Any CPU
		{0CEEC74A-0F18-4175-A2F9-C05295F3E606}.Release|Any CPU.Deploy.0 = Release|Any CPU
		{0CEEC74A-0F18-4175-A2F9-C05295F3E606}.Release|ARM.ActiveCfg = Release|ARM
		{0CEEC74A-0F18-4175-A2F9-C05295F3E606}.Release|ARM.Build.0 = Release|ARM
		{0CEEC74A-0F18-4175-A2F9-C05295F3E606}.Release|ARM.Deploy.0 = Release|ARM
		{0CEEC74A-0F18-4175-A2F9-C05295F3E606}.Release|iPhone.ActiveCfg = Release|Any CPU
		{0CEEC74A-0F18-4175-A2F9-C05295F3E606}.Release|iPhone.Build.0 = Release|Any CPU
		{0CEEC74A-0F18-4175-A2F9-C05295F3E606}.Release|iPhone.Deploy.0 = Release|Any CPU
		{0CEEC74A-0F18-4175-A2F9-C05295F3E606}.Release|iPhoneSimulator.ActiveCfg = Release|Any CPU
		{0CEEC74A-0F18-4175-A2F9-C05295F3E606}.Release|iPhoneSimulator.Build.0 = Release|Any CPU
		{0CEEC74A-0F18-4175-A2F9-C05295F3E606}.Release|iPhoneSimulator.Deploy.0 = Release|Any CPU
		{0CEEC74A-0F18-4175-A2F9-C05295F3E606}.Release|x64.ActiveCfg = Release|Any CPU
		{0CEEC74A-0F18-4175-A2F9-C05295F3E606}.Release|x64.Build.0 = Release|Any CPU
		{0CEEC74A-0F18-4175-A2F9-C05295F3E606}.Release|x64.Deploy.0 = Release|Any CPU
		{0CEEC74A-0F18-4175-A2F9-C05295F3E606}.Release|x86.ActiveCfg = Release|x86
		{0CEEC74A-0F18-4175-A2F9-C05295F3E606}.Release|x86.Build.0 = Release|x86
		{0CEEC74A-0F18-4175-A2F9-C05295F3E606}.Release|x86.Deploy.0 = Release|x86
		{0EBB7A84-FD90-41FF-BCBC-C12414E0AED9}.Ad-Hoc|Any CPU.ActiveCfg = Release|x86
		{0EBB7A84-FD90-41FF-BCBC-C12414E0AED9}.Ad-Hoc|Any CPU.Build.0 = Release|x86
		{0EBB7A84-FD90-41FF-BCBC-C12414E0AED9}.Ad-Hoc|Any CPU.Deploy.0 = Release|x86
		{0EBB7A84-FD90-41FF-BCBC-C12414E0AED9}.Ad-Hoc|ARM.ActiveCfg = Release|ARM
		{0EBB7A84-FD90-41FF-BCBC-C12414E0AED9}.Ad-Hoc|ARM.Build.0 = Release|ARM
		{0EBB7A84-FD90-41FF-BCBC-C12414E0AED9}.Ad-Hoc|ARM.Deploy.0 = Release|ARM
		{0EBB7A84-FD90-41FF-BCBC-C12414E0AED9}.Ad-Hoc|iPhone.ActiveCfg = Release|x86
		{0EBB7A84-FD90-41FF-BCBC-C12414E0AED9}.Ad-Hoc|iPhone.Build.0 = Release|x86
		{0EBB7A84-FD90-41FF-BCBC-C12414E0AED9}.Ad-Hoc|iPhone.Deploy.0 = Release|x86
		{0EBB7A84-FD90-41FF-BCBC-C12414E0AED9}.Ad-Hoc|iPhoneSimulator.ActiveCfg = Release|x86
		{0EBB7A84-FD90-41FF-BCBC-C12414E0AED9}.Ad-Hoc|iPhoneSimulator.Build.0 = Release|x86
		{0EBB7A84-FD90-41FF-BCBC-C12414E0AED9}.Ad-Hoc|iPhoneSimulator.Deploy.0 = Release|x86
		{0EBB7A84-FD90-41FF-BCBC-C12414E0AED9}.Ad-Hoc|x64.ActiveCfg = Release|x64
		{0EBB7A84-FD90-41FF-BCBC-C12414E0AED9}.Ad-Hoc|x64.Build.0 = Release|x64
		{0EBB7A84-FD90-41FF-BCBC-C12414E0AED9}.Ad-Hoc|x64.Deploy.0 = Release|x64
		{0EBB7A84-FD90-41FF-BCBC-C12414E0AED9}.Ad-Hoc|x86.ActiveCfg = Release|x86
		{0EBB7A84-FD90-41FF-BCBC-C12414E0AED9}.Ad-Hoc|x86.Build.0 = Release|x86
		{0EBB7A84-FD90-41FF-BCBC-C12414E0AED9}.Ad-Hoc|x86.Deploy.0 = Release|x86
		{0EBB7A84-FD90-41FF-BCBC-C12414E0AED9}.AppStore|Any CPU.ActiveCfg = Release|x86
		{0EBB7A84-FD90-41FF-BCBC-C12414E0AED9}.AppStore|Any CPU.Build.0 = Release|x86
		{0EBB7A84-FD90-41FF-BCBC-C12414E0AED9}.AppStore|Any CPU.Deploy.0 = Release|x86
		{0EBB7A84-FD90-41FF-BCBC-C12414E0AED9}.AppStore|ARM.ActiveCfg = Release|ARM
		{0EBB7A84-FD90-41FF-BCBC-C12414E0AED9}.AppStore|ARM.Build.0 = Release|ARM
		{0EBB7A84-FD90-41FF-BCBC-C12414E0AED9}.AppStore|ARM.Deploy.0 = Release|ARM
		{0EBB7A84-FD90-41FF-BCBC-C12414E0AED9}.AppStore|iPhone.ActiveCfg = Release|x86
		{0EBB7A84-FD90-41FF-BCBC-C12414E0AED9}.AppStore|iPhone.Build.0 = Release|x86
		{0EBB7A84-FD90-41FF-BCBC-C12414E0AED9}.AppStore|iPhone.Deploy.0 = Release|x86
		{0EBB7A84-FD90-41FF-BCBC-C12414E0AED9}.AppStore|iPhoneSimulator.ActiveCfg = Release|x86
		{0EBB7A84-FD90-41FF-BCBC-C12414E0AED9}.AppStore|iPhoneSimulator.Build.0 = Release|x86
		{0EBB7A84-FD90-41FF-BCBC-C12414E0AED9}.AppStore|iPhoneSimulator.Deploy.0 = Release|x86
		{0EBB7A84-FD90-41FF-BCBC-C12414E0AED9}.AppStore|x64.ActiveCfg = Release|x64
		{0EBB7A84-FD90-41FF-BCBC-C12414E0AED9}.AppStore|x64.Build.0 = Release|x64
		{0EBB7A84-FD90-41FF-BCBC-C12414E0AED9}.AppStore|x64.Deploy.0 = Release|x64
		{0EBB7A84-FD90-41FF-BCBC-C12414E0AED9}.AppStore|x86.ActiveCfg = Release|x86
		{0EBB7A84-FD90-41FF-BCBC-C12414E0AED9}.AppStore|x86.Build.0 = Release|x86
		{0EBB7A84-FD90-41FF-BCBC-C12414E0AED9}.AppStore|x86.Deploy.0 = Release|x86
		{0EBB7A84-FD90-41FF-BCBC-C12414E0AED9}.Debug|Any CPU.ActiveCfg = Debug|x86
		{0EBB7A84-FD90-41FF-BCBC-C12414E0AED9}.Debug|ARM.ActiveCfg = Debug|ARM
		{0EBB7A84-FD90-41FF-BCBC-C12414E0AED9}.Debug|ARM.Build.0 = Debug|ARM
		{0EBB7A84-FD90-41FF-BCBC-C12414E0AED9}.Debug|ARM.Deploy.0 = Debug|ARM
		{0EBB7A84-FD90-41FF-BCBC-C12414E0AED9}.Debug|iPhone.ActiveCfg = Debug|x86
		{0EBB7A84-FD90-41FF-BCBC-C12414E0AED9}.Debug|iPhoneSimulator.ActiveCfg = Debug|x86
		{0EBB7A84-FD90-41FF-BCBC-C12414E0AED9}.Debug|x64.ActiveCfg = Debug|x64
		{0EBB7A84-FD90-41FF-BCBC-C12414E0AED9}.Debug|x64.Build.0 = Debug|x64
		{0EBB7A84-FD90-41FF-BCBC-C12414E0AED9}.Debug|x64.Deploy.0 = Debug|x64
		{0EBB7A84-FD90-41FF-BCBC-C12414E0AED9}.Debug|x86.ActiveCfg = Debug|x86
		{0EBB7A84-FD90-41FF-BCBC-C12414E0AED9}.Debug|x86.Build.0 = Debug|x86
		{0EBB7A84-FD90-41FF-BCBC-C12414E0AED9}.Debug|x86.Deploy.0 = Debug|x86
		{0EBB7A84-FD90-41FF-BCBC-C12414E0AED9}.Release|Any CPU.ActiveCfg = Release|x86
		{0EBB7A84-FD90-41FF-BCBC-C12414E0AED9}.Release|ARM.ActiveCfg = Release|ARM
		{0EBB7A84-FD90-41FF-BCBC-C12414E0AED9}.Release|ARM.Build.0 = Release|ARM
		{0EBB7A84-FD90-41FF-BCBC-C12414E0AED9}.Release|ARM.Deploy.0 = Release|ARM
		{0EBB7A84-FD90-41FF-BCBC-C12414E0AED9}.Release|iPhone.ActiveCfg = Release|x86
		{0EBB7A84-FD90-41FF-BCBC-C12414E0AED9}.Release|iPhoneSimulator.ActiveCfg = Release|x86
		{0EBB7A84-FD90-41FF-BCBC-C12414E0AED9}.Release|x64.ActiveCfg = Release|x64
		{0EBB7A84-FD90-41FF-BCBC-C12414E0AED9}.Release|x64.Build.0 = Release|x64
		{0EBB7A84-FD90-41FF-BCBC-C12414E0AED9}.Release|x64.Deploy.0 = Release|x64
		{0EBB7A84-FD90-41FF-BCBC-C12414E0AED9}.Release|x86.ActiveCfg = Release|x86
		{0EBB7A84-FD90-41FF-BCBC-C12414E0AED9}.Release|x86.Build.0 = Release|x86
		{0EBB7A84-FD90-41FF-BCBC-C12414E0AED9}.Release|x86.Deploy.0 = Release|x86
		{1B649774-2954-4F76-A06F-E1C11250FD58}.Ad-Hoc|Any CPU.ActiveCfg = Release|Any CPU
		{1B649774-2954-4F76-A06F-E1C11250FD58}.Ad-Hoc|Any CPU.Build.0 = Release|Any CPU
		{1B649774-2954-4F76-A06F-E1C11250FD58}.Ad-Hoc|Any CPU.Deploy.0 = Release|Any CPU
		{1B649774-2954-4F76-A06F-E1C11250FD58}.Ad-Hoc|ARM.ActiveCfg = Release|ARM
		{1B649774-2954-4F76-A06F-E1C11250FD58}.Ad-Hoc|ARM.Build.0 = Release|ARM
		{1B649774-2954-4F76-A06F-E1C11250FD58}.Ad-Hoc|ARM.Deploy.0 = Release|ARM
		{1B649774-2954-4F76-A06F-E1C11250FD58}.Ad-Hoc|iPhone.ActiveCfg = Release|Any CPU
		{1B649774-2954-4F76-A06F-E1C11250FD58}.Ad-Hoc|iPhone.Build.0 = Release|Any CPU
		{1B649774-2954-4F76-A06F-E1C11250FD58}.Ad-Hoc|iPhone.Deploy.0 = Release|Any CPU
		{1B649774-2954-4F76-A06F-E1C11250FD58}.Ad-Hoc|iPhoneSimulator.ActiveCfg = Release|Any CPU
		{1B649774-2954-4F76-A06F-E1C11250FD58}.Ad-Hoc|iPhoneSimulator.Build.0 = Release|Any CPU
		{1B649774-2954-4F76-A06F-E1C11250FD58}.Ad-Hoc|iPhoneSimulator.Deploy.0 = Release|Any CPU
		{1B649774-2954-4F76-A06F-E1C11250FD58}.Ad-Hoc|x64.ActiveCfg = Release|x64
		{1B649774-2954-4F76-A06F-E1C11250FD58}.Ad-Hoc|x64.Build.0 = Release|x64
		{1B649774-2954-4F76-A06F-E1C11250FD58}.Ad-Hoc|x64.Deploy.0 = Release|x64
		{1B649774-2954-4F76-A06F-E1C11250FD58}.Ad-Hoc|x86.ActiveCfg = Release|x86
		{1B649774-2954-4F76-A06F-E1C11250FD58}.Ad-Hoc|x86.Build.0 = Release|x86
		{1B649774-2954-4F76-A06F-E1C11250FD58}.Ad-Hoc|x86.Deploy.0 = Release|x86
		{1B649774-2954-4F76-A06F-E1C11250FD58}.AppStore|Any CPU.ActiveCfg = Release|Any CPU
		{1B649774-2954-4F76-A06F-E1C11250FD58}.AppStore|Any CPU.Build.0 = Release|Any CPU
		{1B649774-2954-4F76-A06F-E1C11250FD58}.AppStore|Any CPU.Deploy.0 = Release|Any CPU
		{1B649774-2954-4F76-A06F-E1C11250FD58}.AppStore|ARM.ActiveCfg = Release|ARM
		{1B649774-2954-4F76-A06F-E1C11250FD58}.AppStore|ARM.Build.0 = Release|ARM
		{1B649774-2954-4F76-A06F-E1C11250FD58}.AppStore|ARM.Deploy.0 = Release|ARM
		{1B649774-2954-4F76-A06F-E1C11250FD58}.AppStore|iPhone.ActiveCfg = Release|Any CPU
		{1B649774-2954-4F76-A06F-E1C11250FD58}.AppStore|iPhone.Build.0 = Release|Any CPU
		{1B649774-2954-4F76-A06F-E1C11250FD58}.AppStore|iPhone.Deploy.0 = Release|Any CPU
		{1B649774-2954-4F76-A06F-E1C11250FD58}.AppStore|iPhoneSimulator.ActiveCfg = Release|Any CPU
		{1B649774-2954-4F76-A06F-E1C11250FD58}.AppStore|iPhoneSimulator.Build.0 = Release|Any CPU
		{1B649774-2954-4F76-A06F-E1C11250FD58}.AppStore|iPhoneSimulator.Deploy.0 = Release|Any CPU
		{1B649774-2954-4F76-A06F-E1C11250FD58}.AppStore|x64.ActiveCfg = Release|x64
		{1B649774-2954-4F76-A06F-E1C11250FD58}.AppStore|x64.Build.0 = Release|x64
		{1B649774-2954-4F76-A06F-E1C11250FD58}.AppStore|x64.Deploy.0 = Release|x64
		{1B649774-2954-4F76-A06F-E1C11250FD58}.AppStore|x86.ActiveCfg = Release|x86
		{1B649774-2954-4F76-A06F-E1C11250FD58}.AppStore|x86.Build.0 = Release|x86
		{1B649774-2954-4F76-A06F-E1C11250FD58}.AppStore|x86.Deploy.0 = Release|x86
		{1B649774-2954-4F76-A06F-E1C11250FD58}.Debug|Any CPU.ActiveCfg = Debug|Any CPU
		{1B649774-2954-4F76-A06F-E1C11250FD58}.Debug|Any CPU.Build.0 = Debug|Any CPU
		{1B649774-2954-4F76-A06F-E1C11250FD58}.Debug|Any CPU.Deploy.0 = Debug|Any CPU
		{1B649774-2954-4F76-A06F-E1C11250FD58}.Debug|ARM.ActiveCfg = Debug|ARM
		{1B649774-2954-4F76-A06F-E1C11250FD58}.Debug|ARM.Build.0 = Debug|ARM
		{1B649774-2954-4F76-A06F-E1C11250FD58}.Debug|ARM.Deploy.0 = Debug|ARM
		{1B649774-2954-4F76-A06F-E1C11250FD58}.Debug|iPhone.ActiveCfg = Debug|Any CPU
		{1B649774-2954-4F76-A06F-E1C11250FD58}.Debug|iPhone.Build.0 = Debug|Any CPU
		{1B649774-2954-4F76-A06F-E1C11250FD58}.Debug|iPhone.Deploy.0 = Debug|Any CPU
		{1B649774-2954-4F76-A06F-E1C11250FD58}.Debug|iPhoneSimulator.ActiveCfg = Debug|Any CPU
		{1B649774-2954-4F76-A06F-E1C11250FD58}.Debug|iPhoneSimulator.Build.0 = Debug|Any CPU
		{1B649774-2954-4F76-A06F-E1C11250FD58}.Debug|iPhoneSimulator.Deploy.0 = Debug|Any CPU
		{1B649774-2954-4F76-A06F-E1C11250FD58}.Debug|x64.ActiveCfg = Debug|x64
		{1B649774-2954-4F76-A06F-E1C11250FD58}.Debug|x64.Build.0 = Debug|x64
		{1B649774-2954-4F76-A06F-E1C11250FD58}.Debug|x64.Deploy.0 = Debug|x64
		{1B649774-2954-4F76-A06F-E1C11250FD58}.Debug|x86.ActiveCfg = Debug|x86
		{1B649774-2954-4F76-A06F-E1C11250FD58}.Debug|x86.Build.0 = Debug|x86
		{1B649774-2954-4F76-A06F-E1C11250FD58}.Debug|x86.Deploy.0 = Debug|x86
		{1B649774-2954-4F76-A06F-E1C11250FD58}.Release|Any CPU.ActiveCfg = Release|Any CPU
		{1B649774-2954-4F76-A06F-E1C11250FD58}.Release|Any CPU.Build.0 = Release|Any CPU
		{1B649774-2954-4F76-A06F-E1C11250FD58}.Release|Any CPU.Deploy.0 = Release|Any CPU
		{1B649774-2954-4F76-A06F-E1C11250FD58}.Release|ARM.ActiveCfg = Release|ARM
		{1B649774-2954-4F76-A06F-E1C11250FD58}.Release|ARM.Build.0 = Release|ARM
		{1B649774-2954-4F76-A06F-E1C11250FD58}.Release|ARM.Deploy.0 = Release|ARM
		{1B649774-2954-4F76-A06F-E1C11250FD58}.Release|iPhone.ActiveCfg = Release|Any CPU
		{1B649774-2954-4F76-A06F-E1C11250FD58}.Release|iPhone.Build.0 = Release|Any CPU
		{1B649774-2954-4F76-A06F-E1C11250FD58}.Release|iPhone.Deploy.0 = Release|Any CPU
		{1B649774-2954-4F76-A06F-E1C11250FD58}.Release|iPhoneSimulator.ActiveCfg = Release|Any CPU
		{1B649774-2954-4F76-A06F-E1C11250FD58}.Release|iPhoneSimulator.Build.0 = Release|Any CPU
		{1B649774-2954-4F76-A06F-E1C11250FD58}.Release|iPhoneSimulator.Deploy.0 = Release|Any CPU
		{1B649774-2954-4F76-A06F-E1C11250FD58}.Release|x64.ActiveCfg = Release|x64
		{1B649774-2954-4F76-A06F-E1C11250FD58}.Release|x64.Build.0 = Release|x64
		{1B649774-2954-4F76-A06F-E1C11250FD58}.Release|x64.Deploy.0 = Release|x64
		{1B649774-2954-4F76-A06F-E1C11250FD58}.Release|x86.ActiveCfg = Release|x86
		{1B649774-2954-4F76-A06F-E1C11250FD58}.Release|x86.Build.0 = Release|x86
		{1B649774-2954-4F76-A06F-E1C11250FD58}.Release|x86.Deploy.0 = Release|x86
		{F5874F99-DACE-4A04-8FA5-57C88232D22E}.Ad-Hoc|Any CPU.ActiveCfg = Release|Any CPU
		{F5874F99-DACE-4A04-8FA5-57C88232D22E}.Ad-Hoc|Any CPU.Build.0 = Release|Any CPU
		{F5874F99-DACE-4A04-8FA5-57C88232D22E}.Ad-Hoc|ARM.ActiveCfg = Release|Any CPU
		{F5874F99-DACE-4A04-8FA5-57C88232D22E}.Ad-Hoc|ARM.Build.0 = Release|Any CPU
		{F5874F99-DACE-4A04-8FA5-57C88232D22E}.Ad-Hoc|iPhone.ActiveCfg = Release|Any CPU
		{F5874F99-DACE-4A04-8FA5-57C88232D22E}.Ad-Hoc|iPhone.Build.0 = Release|Any CPU
		{F5874F99-DACE-4A04-8FA5-57C88232D22E}.Ad-Hoc|iPhoneSimulator.ActiveCfg = Release|Any CPU
		{F5874F99-DACE-4A04-8FA5-57C88232D22E}.Ad-Hoc|iPhoneSimulator.Build.0 = Release|Any CPU
		{F5874F99-DACE-4A04-8FA5-57C88232D22E}.Ad-Hoc|x64.ActiveCfg = Release|Any CPU
		{F5874F99-DACE-4A04-8FA5-57C88232D22E}.Ad-Hoc|x64.Build.0 = Release|Any CPU
		{F5874F99-DACE-4A04-8FA5-57C88232D22E}.Ad-Hoc|x86.ActiveCfg = Release|Any CPU
		{F5874F99-DACE-4A04-8FA5-57C88232D22E}.Ad-Hoc|x86.Build.0 = Release|Any CPU
		{F5874F99-DACE-4A04-8FA5-57C88232D22E}.AppStore|Any CPU.ActiveCfg = Release|Any CPU
		{F5874F99-DACE-4A04-8FA5-57C88232D22E}.AppStore|Any CPU.Build.0 = Release|Any CPU
		{F5874F99-DACE-4A04-8FA5-57C88232D22E}.AppStore|ARM.ActiveCfg = Release|Any CPU
		{F5874F99-DACE-4A04-8FA5-57C88232D22E}.AppStore|ARM.Build.0 = Release|Any CPU
		{F5874F99-DACE-4A04-8FA5-57C88232D22E}.AppStore|iPhone.ActiveCfg = Release|Any CPU
		{F5874F99-DACE-4A04-8FA5-57C88232D22E}.AppStore|iPhone.Build.0 = Release|Any CPU
		{F5874F99-DACE-4A04-8FA5-57C88232D22E}.AppStore|iPhoneSimulator.ActiveCfg = Release|Any CPU
		{F5874F99-DACE-4A04-8FA5-57C88232D22E}.AppStore|iPhoneSimulator.Build.0 = Release|Any CPU
		{F5874F99-DACE-4A04-8FA5-57C88232D22E}.AppStore|x64.ActiveCfg = Release|Any CPU
		{F5874F99-DACE-4A04-8FA5-57C88232D22E}.AppStore|x64.Build.0 = Release|Any CPU
		{F5874F99-DACE-4A04-8FA5-57C88232D22E}.AppStore|x86.ActiveCfg = Release|Any CPU
		{F5874F99-DACE-4A04-8FA5-57C88232D22E}.AppStore|x86.Build.0 = Release|Any CPU
		{F5874F99-DACE-4A04-8FA5-57C88232D22E}.Debug|Any CPU.ActiveCfg = Debug|Any CPU
		{F5874F99-DACE-4A04-8FA5-57C88232D22E}.Debug|Any CPU.Build.0 = Debug|Any CPU
		{F5874F99-DACE-4A04-8FA5-57C88232D22E}.Debug|ARM.ActiveCfg = Debug|Any CPU
		{F5874F99-DACE-4A04-8FA5-57C88232D22E}.Debug|ARM.Build.0 = Debug|Any CPU
		{F5874F99-DACE-4A04-8FA5-57C88232D22E}.Debug|iPhone.ActiveCfg = Debug|Any CPU
		{F5874F99-DACE-4A04-8FA5-57C88232D22E}.Debug|iPhone.Build.0 = Debug|Any CPU
		{F5874F99-DACE-4A04-8FA5-57C88232D22E}.Debug|iPhoneSimulator.ActiveCfg = Debug|Any CPU
		{F5874F99-DACE-4A04-8FA5-57C88232D22E}.Debug|iPhoneSimulator.Build.0 = Debug|Any CPU
		{F5874F99-DACE-4A04-8FA5-57C88232D22E}.Debug|x64.ActiveCfg = Debug|Any CPU
		{F5874F99-DACE-4A04-8FA5-57C88232D22E}.Debug|x64.Build.0 = Debug|Any CPU
		{F5874F99-DACE-4A04-8FA5-57C88232D22E}.Debug|x86.ActiveCfg = Debug|Any CPU
		{F5874F99-DACE-4A04-8FA5-57C88232D22E}.Debug|x86.Build.0 = Debug|Any CPU
		{F5874F99-DACE-4A04-8FA5-57C88232D22E}.Release|Any CPU.ActiveCfg = Release|Any CPU
		{F5874F99-DACE-4A04-8FA5-57C88232D22E}.Release|Any CPU.Build.0 = Release|Any CPU
		{F5874F99-DACE-4A04-8FA5-57C88232D22E}.Release|ARM.ActiveCfg = Release|Any CPU
		{F5874F99-DACE-4A04-8FA5-57C88232D22E}.Release|ARM.Build.0 = Release|Any CPU
		{F5874F99-DACE-4A04-8FA5-57C88232D22E}.Release|iPhone.ActiveCfg = Release|Any CPU
		{F5874F99-DACE-4A04-8FA5-57C88232D22E}.Release|iPhone.Build.0 = Release|Any CPU
		{F5874F99-DACE-4A04-8FA5-57C88232D22E}.Release|iPhoneSimulator.ActiveCfg = Release|Any CPU
		{F5874F99-DACE-4A04-8FA5-57C88232D22E}.Release|iPhoneSimulator.Build.0 = Release|Any CPU
		{F5874F99-DACE-4A04-8FA5-57C88232D22E}.Release|x64.ActiveCfg = Release|Any CPU
		{F5874F99-DACE-4A04-8FA5-57C88232D22E}.Release|x64.Build.0 = Release|Any CPU
		{F5874F99-DACE-4A04-8FA5-57C88232D22E}.Release|x86.ActiveCfg = Release|Any CPU
		{F5874F99-DACE-4A04-8FA5-57C88232D22E}.Release|x86.Build.0 = Release|Any CPU
	EndGlobalSection
	GlobalSection(SolutionProperties) = preSolution
		HideSolutionNode = FALSE
	EndGlobalSection
EndGlobal
